<?xml version="1.0" encoding="UTF-8" standalone="yes" ?>
<CodeBlocks_project_file>
	<FileVersion major="1" minor="6" />
	<Project>
		<Option title="libGatewayClient" />
		<Option pch_mode="2" />
		<Option compiler="gcc" />
		<Build>
			<Target title="Debug">
				<Option output="bin/Debug/GatewayClient" prefix_auto="1" extension_auto="1" />
				<Option working_dir="" />
				<Option object_output="obj/Debug/" />
				<Option type="2" />
				<Option compiler="gcc" />
				<Option createDefFile="1" />
				<Compiler>
					<Add option="-Wall" />
					<Add option="-g" />
					<Add directory="include" />
				</Compiler>
			</Target>
			<Target title="Release">
				<Option output="bin/Release/GatewayClient" prefix_auto="1" extension_auto="1" />
				<Option working_dir="" />
				<Option object_output="obj/Release/" />
				<Option type="2" />
				<Option compiler="gcc" />
				<Option createDefFile="1" />
				<Compiler>
					<Add option="-O2" />
					<Add option="-Wall" />
					<Add directory="include" />
				</Compiler>
				<Linker>
					<Add option="-s" />
				</Linker>
			</Target>
		</Build>
		<Unit filename="GatewayClient.cpp" />
		<Unit filename="JsonBuffer.cpp" />
		<Unit filename="gway_api.cpp" />
		<Unit filename="gway_errors.cpp" />
		<Unit filename="include/GatewayClient.h" />
		<Unit filename="include/JsonBuffer.h" />
		<Unit filename="include/gway_api.h" />
		<Unit filename="include/gway_errors.h">
			<Option target="&lt;{~None~}&gt;" />
		</Unit>
		<Unit filename="json/json-forwards.h" />
		<Unit filename="json/json.h" />
		<Unit filename="jsoncpp.cpp" />
		<Extensions>
			<code_completion />
			<debugger />
		</Extensions>
	</Project>
</CodeBlocks_project_file>
